
Microsoft Visual Studio Solution File, Format Version 12.00
# Visual Studio 2013
VisualStudioVersion = 12.0.0.0
MinimumVisualStudioVersion = 10.0.0.1
Project("{FAE04EC0-301F-11D3-BF4B-00C04F79EFBC}") = "RnvRestApi", "RnvRestApi/RnvRestApi.csproj", "{93B11064-3B7F-4330-A7DA-1973462337FB}"
EndProject
Project("{FAE04EC0-301F-11D3-BF4B-00C04F79EFBC}") = "RnvRestApi.Tests", "RnvRestApi.Tests\RnvRestApi.Tests.csproj", "{759979FB-EF64-41B4-A058-E1AF8948D662}"
EndProject
Global
	GlobalSection(SolutionConfigurationPlatforms) = preSolution
		Debug|Any CPU = Debug|Any CPU
		Release|Any CPU = Release|Any CPU
	EndGlobalSection
	GlobalSection(ProjectConfigurationPlatforms) = postSolution
		{93B11064-3B7F-4330-A7DA-1973462337FB}.Debug|Any CPU.ActiveCfg = Debug|Any CPU
		{93B11064-3B7F-4330-A7DA-1973462337FB}.Debug|Any CPU.Build.0 = Debug|Any CPU
		{93B11064-3B7F-4330-A7DA-1973462337FB}.Release|Any CPU.ActiveCfg = Release|Any CPU
		{93B11064-3B7F-4330-A7DA-1973462337FB}.Release|Any CPU.Build.0 = Release|Any CPU
		{759979FB-EF64-41B4-A058-E1AF8948D662}.Debug|Any CPU.ActiveCfg = Debug|Any CPU
		{759979FB-EF64-41B4-A058-E1AF8948D662}.Debug|Any CPU.Build.0 = Debug|Any CPU
		{759979FB-EF64-41B4-A058-E1AF8948D662}.Release|Any CPU.ActiveCfg = Release|Any CPU
		{759979FB-EF64-41B4-A058-E1AF8948D662}.Release|Any CPU.Build.0 = Release|Any CPU
	EndGlobalSection
	GlobalSection(SolutionProperties) = preSolution
		HideSolutionNode = FALSE
	EndGlobalSection
EndGlobal
